// !$*UTF8*$!
{
	archiveVersion = 1;
	classes = {
	};
	objectVersion = 56;
	objects = {

/* Begin PBXBuildFile section */
		8357E7C32C3F735C004646B5 /* MyselfInSixWordsApp.swift in Sources */ = {isa = PBXBuildFile; fileRef = 8357E7C22C3F735C004646B5 /* MyselfInSixWordsApp.swift */; };
		8357E7C52C3F735C004646B5 /* ContentView.swift in Sources */ = {isa = PBXBuildFile; fileRef = 8357E7C42C3F735C004646B5 /* ContentView.swift */; };
		8357E7C72C3F735F004646B5 /* Assets.xcassets in Resources */ = {isa = PBXBuildFile; fileRef = 8357E7C62C3F735F004646B5 /* Assets.xcassets */; };
		8357E7CA2C3F735F004646B5 /* Preview Assets.xcassets in Resources */ = {isa = PBXBuildFile; fileRef = 8357E7C92C3F735F004646B5 /* Preview Assets.xcassets */; };
		8357E7D52C3F7360004646B5 /* MyselfInSixWordsTests.swift in Sources */ = {isa = PBXBuildFile; fileRef = 8357E7D42C3F7360004646B5 /* MyselfInSixWordsTests.swift */; };
		8357E7DF2C3F7360004646B5 /* MyselfInSixWordsUITests.swift in Sources */ = {isa = PBXBuildFile; fileRef = 8357E7DE2C3F7360004646B5 /* MyselfInSixWordsUITests.swift */; };
		8357E7E12C3F7360004646B5 /* MyselfInSixWordsUITestsLaunchTests.swift in Sources */ = {isa = PBXBuildFile; fileRef = 8357E7E02C3F7360004646B5 /* MyselfInSixWordsUITestsLaunchTests.swift */; };
/* End PBXBuildFile section */

/* Begin PBXContainerItemProxy section */
		8357E7D12C3F7360004646B5 /* PBXContainerItemProxy */ = {
			isa = PBXContainerItemProxy;
			containerPortal = 8357E7B72C3F735C004646B5 /* Project object */;
			proxyType = 1;
			remoteGlobalIDString = 8357E7BE2C3F735C004646B5;
			remoteInfo = MyselfInSixWords;
		};
		8357E7DB2C3F7360004646B5 /* PBXContainerItemProxy */ = {
			isa = PBXContainerItemProxy;
			containerPortal = 8357E7B72C3F735C004646B5 /* Project object */;
			proxyType = 1;
			remoteGlobalIDString = 8357E7BE2C3F735C004646B5;
			remoteInfo = MyselfInSixWords;
		};
/* End PBXContainerItemProxy section */

/* Begin PBXFileReference section */
		8357E7BF2C3F735C004646B5 /* MyselfInSixWords.app */ = {isa = PBXFileReference; explicitFileType = wrapper.application; includeInIndex = 0; path = MyselfInSixWords.app; sourceTree = BUILT_PRODUCTS_DIR; };
		8357E7C22C3F735C004646B5 /* MyselfInSixWordsApp.swift */ = {isa = PBXFileReference; lastKnownFileType = sourcecode.swift; path = MyselfInSixWordsApp.swift; sourceTree = "<group>"; };
		8357E7C42C3F735C004646B5 /* ContentView.swift */ = {isa = PBXFileReference; lastKnownFileType = sourcecode.swift; path = ContentView.swift; sourceTree = "<group>"; };
		8357E7C62C3F735F004646B5 /* Assets.xcassets */ = {isa = PBXFileReference; lastKnownFileType = folder.assetcatalog; path = Assets.xcassets; sourceTree = "<group>"; };
		8357E7C92C3F735F004646B5 /* Preview Assets.xcassets */ = {isa = PBXFileReference; lastKnownFileType = folder.assetcatalog; path = "Preview Assets.xcassets"; sourceTree = "<group>"; };
		8357E7CB2C3F735F004646B5 /* MyselfInSixWords.entitlements */ = {isa = PBXFileReference; lastKnownFileType = text.plist.entitlements; path = MyselfInSixWords.entitlements; sourceTree = "<group>"; };
		8357E7D02C3F7360004646B5 /* MyselfInSixWordsTests.xctest */ = {isa = PBXFileReference; explicitFileType = wrapper.cfbundle; includeInIndex = 0; path = MyselfInSixWordsTests.xctest; sourceTree = BUILT_PRODUCTS_DIR; };
		8357E7D42C3F7360004646B5 /* MyselfInSixWordsTests.swift */ = {isa = PBXFileReference; lastKnownFileType = sourcecode.swift; path = MyselfInSixWordsTests.swift; sourceTree = "<group>"; };
		8357E7DA2C3F7360004646B5 /* MyselfInSixWordsUITests.xctest */ = {isa = PBXFileReference; explicitFileType = wrapper.cfbundle; includeInIndex = 0; path = MyselfInSixWordsUITests.xctest; sourceTree = BUILT_PRODUCTS_DIR; };
		8357E7DE2C3F7360004646B5 /* MyselfInSixWordsUITests.swift */ = {isa = PBXFileReference; lastKnownFileType = sourcecode.swift; path = MyselfInSixWordsUITests.swift; sourceTree = "<group>"; };
		8357E7E02C3F7360004646B5 /* MyselfInSixWordsUITestsLaunchTests.swift */ = {isa = PBXFileReference; lastKnownFileType = sourcecode.swift; path = MyselfInSixWordsUITestsLaunchTests.swift; sourceTree = "<group>"; };
/* End PBXFileReference section */

/* Begin PBXFrameworksBuildPhase section */
		8357E7BC2C3F735C004646B5 /* Frameworks */ = {
			isa = PBXFrameworksBuildPhase;
			buildActionMask = 2147483647;
			files = (
			);
			runOnlyForDeploymentPostprocessing = 0;
		};
		8357E7CD2C3F7360004646B5 /* Frameworks */ = {
			isa = PBXFrameworksBuildPhase;
			buildActionMask = 2147483647;
			files = (
			);
			runOnlyForDeploymentPostprocessing = 0;
		};
		8357E7D72C3F7360004646B5 /* Frameworks */ = {
			isa = PBXFrameworksBuildPhase;
			buildActionMask = 2147483647;
			files = (
			);
			runOnlyForDeploymentPostprocessing = 0;
		};
/* End PBXFrameworksBuildPhase section */

/* Begin PBXGroup section */
		8357E7B62C3F735C004646B5 = {
			isa = PBXGroup;
			children = (
				8357E7C12C3F735C004646B5 /* MyselfInSixWords */,
				8357E7D32C3F7360004646B5 /* MyselfInSixWordsTests */,
				8357E7DD2C3F7360004646B5 /* MyselfInSixWordsUITests */,
				8357E7C02C3F735C004646B5 /* Products */,
			);
			sourceTree = "<group>";
		};
		8357E7C02C3F735C004646B5 /* Products */ = {
			isa = PBXGroup;
			children = (
				8357E7BF2C3F735C004646B5 /* MyselfInSixWords.app */,
				8357E7D02C3F7360004646B5 /* MyselfInSixWordsTests.xctest */,
				8357E7DA2C3F7360004646B5 /* MyselfInSixWordsUITests.xctest */,
			);
			name = Products;
			sourceTree = "<group>";
		};
		8357E7C12C3F735C004646B5 /* MyselfInSixWords */ = {
			isa = PBXGroup;
			children = (
				8357E7C22C3F735C004646B5 /* MyselfInSixWordsApp.swift */,
				8357E7C42C3F735C004646B5 /* ContentView.swift */,
				8357E7C62C3F735F004646B5 /* Assets.xcassets */,
				8357E7CB2C3F735F004646B5 /* MyselfInSixWords.entitlements */,
				8357E7C82C3F735F004646B5 /* Preview Content */,
			);
			path = MyselfInSixWords;
			sourceTree = "<group>";
		};
		8357E7C82C3F735F004646B5 /* Preview Content */ = {
			isa = PBXGroup;
			children = (
				8357E7C92C3F735F004646B5 /* Preview Assets.xcassets */,
			);
			path = "Preview Content";
			sourceTree = "<group>";
		};
		8357E7D32C3F7360004646B5 /* MyselfInSixWordsTests */ = {
			isa = PBXGroup;
			children = (
				8357E7D42C3F7360004646B5 /* MyselfInSixWordsTests.swift */,
			);
			path = MyselfInSixWordsTests;
			sourceTree = "<group>";
		};
		8357E7DD2C3F7360004646B5 /* MyselfInSixWordsUITests */ = {
			isa = PBXGroup;
			children = (
				8357E7DE2C3F7360004646B5 /* MyselfInSixWordsUITests.swift */,
				8357E7E02C3F7360004646B5 /* MyselfInSixWordsUITestsLaunchTests.swift */,
			);
			path = MyselfInSixWordsUITests;
			sourceTree = "<group>";
		};
/* End PBXGroup section */

/* Begin PBXNativeTarget section */
		8357E7BE2C3F735C004646B5 /* MyselfInSixWords */ = {
			isa = PBXNativeTarget;
			buildConfigurationList = 8357E7E42C3F7360004646B5 /* Build configuration list for PBXNativeTarget "MyselfInSixWords" */;
			buildPhases = (
				8357E7BB2C3F735C004646B5 /* Sources */,
				8357E7BC2C3F735C004646B5 /* Frameworks */,
				8357E7BD2C3F735C004646B5 /* Resources */,
			);
			buildRules = (
			);
			dependencies = (
			);
			name = MyselfInSixWords;
			productName = MyselfInSixWords;
			productReference = 8357E7BF2C3F735C004646B5 /* MyselfInSixWords.app */;
			productType = "com.apple.product-type.application";
		};
		8357E7CF2C3F7360004646B5 /* MyselfInSixWordsTests */ = {
			isa = PBXNativeTarget;
			buildConfigurationList = 8357E7E72C3F7360004646B5 /* Build configuration list for PBXNativeTarget "MyselfInSixWordsTests" */;
			buildPhases = (
				8357E7CC2C3F7360004646B5 /* Sources */,
				8357E7CD2C3F7360004646B5 /* Frameworks */,
				8357E7CE2C3F7360004646B5 /* Resources */,
			);
			buildRules = (
			);
			dependencies = (
				8357E7D22C3F7360004646B5 /* PBXTargetDependency */,
			);
			name = MyselfInSixWordsTests;
			productName = MyselfInSixWordsTests;
			productReference = 8357E7D02C3F7360004646B5 /* MyselfInSixWordsTests.xctest */;
			productType = "com.apple.product-type.bundle.unit-test";
		};
		8357E7D92C3F7360004646B5 /* MyselfInSixWordsUITests */ = {
			isa = PBXNativeTarget;
			buildConfigurationList = 8357E7EA2C3F7360004646B5 /* Build configuration list for PBXNativeTarget "MyselfInSixWordsUITests" */;
			buildPhases = (
				8357E7D62C3F7360004646B5 /* Sources */,
				8357E7D72C3F7360004646B5 /* Frameworks */,
				8357E7D82C3F7360004646B5 /* Resources */,
			);
			buildRules = (
			);
			dependencies = (
				8357E7DC2C3F7360004646B5 /* PBXTargetDependency */,
			);
			name = MyselfInSixWordsUITests;
			productName = MyselfInSixWordsUITests;
			productReference = 8357E7DA2C3F7360004646B5 /* MyselfInSixWordsUITests.xctest */;
			productType = "com.apple.product-type.bundle.ui-testing";
		};
/* End PBXNativeTarget section */

/* Begin PBXProject section */
		8357E7B72C3F735C004646B5 /* Project object */ = {
			isa = PBXProject;
			attributes = {
				BuildIndependentTargetsInParallel = 1;
				LastSwiftUpdateCheck = 1540;
				LastUpgradeCheck = 1540;
				TargetAttributes = {
					8357E7BE2C3F735C004646B5 = {
						CreatedOnToolsVersion = 15.4;
					};
					8357E7CF2C3F7360004646B5 = {
						CreatedOnToolsVersion = 15.4;
						TestTargetID = 8357E7BE2C3F735C004646B5;
					};
					8357E7D92C3F7360004646B5 = {
						CreatedOnToolsVersion = 15.4;
						TestTargetID = 8357E7BE2C3F735C004646B5;
					};
				};
			};
			buildConfigurationList = 8357E7BA2C3F735C004646B5 /* Build configuration list for PBXProject "MyselfInSixWords" */;
			compatibilityVersion = "Xcode 14.0";
			developmentRegion = en;
			hasScannedForEncodings = 0;
			knownRegions = (
				en,
				Base,
			);
			mainGroup = 8357E7B62C3F735C004646B5;
			productRefGroup = 8357E7C02C3F735C004646B5 /* Products */;
			projectDirPath = "";
			projectRoot = "";
			targets = (
				8357E7BE2C3F735C004646B5 /* MyselfInSixWords */,
				8357E7CF2C3F7360004646B5 /* MyselfInSixWordsTests */,
				8357E7D92C3F7360004646B5 /* MyselfInSixWordsUITests */,
			);
		};
/* End PBXProject section */

/* Begin PBXResourcesBuildPhase section */
		8357E7BD2C3F735C004646B5 /* Resources */ = {
			isa = PBXResourcesBuildPhase;
			buildActionMask = 2147483647;
			files = (
				8357E7CA2C3F735F004646B5 /* Preview Assets.xcassets in Resources */,
				8357E7C72C3F735F004646B5 /* Assets.xcassets in Resources */,
			);
			runOnlyForDeploymentPostprocessing = 0;
		};
		8357E7CE2C3F7360004646B5 /* Resources */ = {
			isa = PBXResourcesBuildPhase;
			buildActionMask = 2147483647;
			files = (
			);
			runOnlyForDeploymentPostprocessing = 0;
		};
		8357E7D82C3F7360004646B5 /* Resources */ = {
			isa = PBXResourcesBuildPhase;
			buildActionMask = 2147483647;
			files = (
			);
			runOnlyForDeploymentPostprocessing = 0;
		};
/* End PBXResourcesBuildPhase section */

/* Begin PBXSourcesBuildPhase section */
		8357E7BB2C3F735C004646B5 /* Sources */ = {
			isa = PBXSourcesBuildPhase;
			buildActionMask = 2147483647;
			files = (
				8357E7C52C3F735C004646B5 /* ContentView.swift in Sources */,
				8357E7C32C3F735C004646B5 /* MyselfInSixWordsApp.swift in Sources */,
			);
			runOnlyForDeploymentPostprocessing = 0;
		};
		8357E7CC2C3F7360004646B5 /* Sources */ = {
			isa = PBXSourcesBuildPhase;
			buildActionMask = 2147483647;
			files = (
				8357E7D52C3F7360004646B5 /* MyselfInSixWordsTests.swift in Sources */,
			);
			runOnlyForDeploymentPostprocessing = 0;
		};
		8357E7D62C3F7360004646B5 /* Sources */ = {
			isa = PBXSourcesBuildPhase;
			buildActionMask = 2147483647;
			files = (
				8357E7E12C3F7360004646B5 /* MyselfInSixWordsUITestsLaunchTests.swift in Sources */,
				8357E7DF2C3F7360004646B5 /* MyselfInSixWordsUITests.swift in Sources */,
			);
			runOnlyForDeploymentPostprocessing = 0;
		};
/* End PBXSourcesBuildPhase section */

/* Begin PBXTargetDependency section */
		8357E7D22C3F7360004646B5 /* PBXTargetDependency */ = {
			isa = PBXTargetDependency;
			target = 8357E7BE2C3F735C004646B5 /* MyselfInSixWords */;
			targetProxy = 8357E7D12C3F7360004646B5 /* PBXContainerItemProxy */;
		};
		8357E7DC2C3F7360004646B5 /* PBXTargetDependency */ = {
			isa = PBXTargetDependency;
			target = 8357E7BE2C3F735C004646B5 /* MyselfInSixWords */;
			targetProxy = 8357E7DB2C3F7360004646B5 /* PBXContainerItemProxy */;
		};
/* End PBXTargetDependency section */

/* Begin XCBuildConfiguration section */
		8357E7E22C3F7360004646B5 /* Debug */ = {
			isa = XCBuildConfiguration;
			buildSettings = {
				ALWAYS_SEARCH_USER_PATHS = NO;
				ASSETCATALOG_COMPILER_GENERATE_SWIFT_ASSET_SYMBOL_EXTENSIONS = YES;
				CLANG_ANALYZER_NONNULL = YES;
				CLANG_ANALYZER_NUMBER_OBJECT_CONVERSION = YES_AGGRESSIVE;
				CLANG_CXX_LANGUAGE_STANDARD = "gnu++20";
				CLANG_ENABLE_MODULES = YES;
				CLANG_ENABLE_OBJC_ARC = YES;
				CLANG_ENABLE_OBJC_WEAK = YES;
				CLANG_WARN_BLOCK_CAPTURE_AUTORELEASING = YES;
				CLANG_WARN_BOOL_CONVERSION = YES;
				CLANG_WARN_COMMA = YES;
				CLANG_WARN_CONSTANT_CONVERSION = YES;
				CLANG_WARN_DEPRECATED_OBJC_IMPLEMENTATIONS = YES;
				CLANG_WARN_DIRECT_OBJC_ISA_USAGE = YES_ERROR;
				CLANG_WARN_DOCUMENTATION_COMMENTS = YES;
				CLANG_WARN_EMPTY_BODY = YES;
				CLANG_WARN_ENUM_CONVERSION = YES;
				CLANG_WARN_INFINITE_RECURSION = YES;
				CLANG_WARN_INT_CONVERSION = YES;
				CLANG_WARN_NON_LITERAL_NULL_CONVERSION = YES;
				CLANG_WARN_OBJC_IMPLICIT_RETAIN_SELF = YES;
				CLANG_WARN_OBJC_LITERAL_CONVERSION = YES;
				CLANG_WARN_OBJC_ROOT_CLASS = YES_ERROR;
				CLANG_WARN_QUOTED_INCLUDE_IN_FRAMEWORK_HEADER = YES;
				CLANG_WARN_RANGE_LOOP_ANALYSIS = YES;
				CLANG_WARN_STRICT_PROTOTYPES = YES;
				CLANG_WARN_SUSPICIOUS_MOVE = YES;
				CLANG_WARN_UNGUARDED_AVAILABILITY = YES_AGGRESSIVE;
				CLANG_WARN_UNREACHABLE_CODE = YES;
				CLANG_WARN__DUPLICATE_METHOD_MATCH = YES;
				COPY_PHASE_STRIP = NO;
				DEBUG_INFORMATION_FORMAT = dwarf;
				ENABLE_STRICT_OBJC_MSGSEND = YES;
				ENABLE_TESTABILITY = YES;
				ENABLE_USER_SCRIPT_SANDBOXING = YES;
				GCC_C_LANGUAGE_STANDARD = gnu17;
				GCC_DYNAMIC_NO_PIC = NO;
				GCC_NO_COMMON_BLOCKS = YES;
				GCC_OPTIMIZATION_LEVEL = 0;
				GCC_PREPROCESSOR_DEFINITIONS = (
					"DEBUG=1",
					"$(inherited)",
				);
				GCC_WARN_64_TO_32_BIT_CONVERSION = YES;
				GCC_WARN_ABOUT_RETURN_TYPE = YES_ERROR;
				GCC_WARN_UNDECLARED_SELECTOR = YES;
				GCC_WARN_UNINITIALIZED_AUTOS = YES_AGGRESSIVE;
				GCC_WARN_UNUSED_FUNCTION = YES;
				GCC_WARN_UNUSED_VARIABLE = YES;
				LOCALIZATION_PREFERS_STRING_CATALOGS = YES;
				MACOSX_DEPLOYMENT_TARGET = 14.5;
				MTL_ENABLE_DEBUG_INFO = INCLUDE_SOURCE;
				MTL_FAST_MATH = YES;
				ONLY_ACTIVE_ARCH = YES;
				SDKROOT = macosx;
				SWIFT_ACTIVE_COMPILATION_CONDITIONS = "DEBUG $(inherited)";
				SWIFT_OPTIMIZATION_LEVEL = "-Onone";
			};
			name = Debug;
		};
		8357E7E32C3F7360004646B5 /* Release */ = {
			isa = XCBuildConfiguration;
			buildSettings = {
				ALWAYS_SEARCH_USER_PATHS = NO;
				ASSETCATALOG_COMPILER_GENERATE_SWIFT_ASSET_SYMBOL_EXTENSIONS = YES;
				CLANG_ANALYZER_NONNULL = YES;
				CLANG_ANALYZER_NUMBER_OBJECT_CONVERSION = YES_AGGRESSIVE;
				CLANG_CXX_LANGUAGE_STANDARD = "gnu++20";
				CLANG_ENABLE_MODULES = YES;
				CLANG_ENABLE_OBJC_ARC = YES;
				CLANG_ENABLE_OBJC_WEAK = YES;
				CLANG_WARN_BLOCK_CAPTURE_AUTORELEASING = YES;
				CLANG_WARN_BOOL_CONVERSION = YES;
				CLANG_WARN_COMMA = YES;
				CLANG_WARN_CONSTANT_CONVERSION = YES;
				CLANG_WARN_DEPRECATED_OBJC_IMPLEMENTATIONS = YES;
				CLANG_WARN_DIRECT_OBJC_ISA_USAGE = YES_ERROR;
				CLANG_WARN_DOCUMENTATION_COMMENTS = YES;
				CLANG_WARN_EMPTY_BODY = YES;
				CLANG_WARN_ENUM_CONVERSION = YES;
				CLANG_WARN_INFINITE_RECURSION = YES;
				CLANG_WARN_INT_CONVERSION = YES;
				CLANG_WARN_NON_LITERAL_NULL_CONVERSION = YES;
				CLANG_WARN_OBJC_IMPLICIT_RETAIN_SELF = YES;
				CLANG_WARN_OBJC_LITERAL_CONVERSION = YES;
				CLANG_WARN_OBJC_ROOT_CLASS = YES_ERROR;
				CLANG_WARN_QUOTED_INCLUDE_IN_FRAMEWORK_HEADER = YES;
				CLANG_WARN_RANGE_LOOP_ANALYSIS = YES;
				CLANG_WARN_STRICT_PROTOTYPES = YES;
				CLANG_WARN_SUSPICIOUS_MOVE = YES;
				CLANG_WARN_UNGUARDED_AVAILABILITY = YES_AGGRESSIVE;
				CLANG_WARN_UNREACHABLE_CODE = YES;
				CLANG_WARN__DUPLICATE_METHOD_MATCH = YES;
				COPY_PHASE_STRIP = NO;
				DEBUG_INFORMATION_FORMAT = "dwarf-with-dsym";
				ENABLE_NS_ASSERTIONS = NO;
				ENABLE_STRICT_OBJC_MSGSEND = YES;
				ENABLE_USER_SCRIPT_SANDBOXING = YES;
				GCC_C_LANGUAGE_STANDARD = gnu17;
				GCC_NO_COMMON_BLOCKS = YES;
				GCC_WARN_64_TO_32_BIT_CONVERSION = YES;
				GCC_WARN_ABOUT_RETURN_TYPE = YES_ERROR;
				GCC_WARN_UNDECLARED_SELECTOR = YES;
				GCC_WARN_UNINITIALIZED_AUTOS = YES_AGGRESSIVE;
				GCC_WARN_UNUSED_FUNCTION = YES;
				GCC_WARN_UNUSED_VARIABLE = YES;
				LOCALIZATION_PREFERS_STRING_CATALOGS = YES;
				MACOSX_DEPLOYMENT_TARGET = 14.5;
				MTL_ENABLE_DEBUG_INFO = NO;
				MTL_FAST_MATH = YES;
				SDKROOT = macosx;
				SWIFT_COMPILATION_MODE = wholemodule;
			};
			name = Release;
		};
		8357E7E52C3F7360004646B5 /* Debug */ = {
			isa = XCBuildConfiguration;
			buildSettings = {
				ASSETCATALOG_COMPILER_APPICON_NAME = AppIcon;
				ASSETCATALOG_COMPILER_GLOBAL_ACCENT_COLOR_NAME = AccentColor;
				CODE_SIGN_ENTITLEMENTS = MyselfInSixWords/MyselfInSixWords.entitlements;
				CODE_SIGN_STYLE = Automatic;
				COMBINE_HIDPI_IMAGES = YES;
				CURRENT_PROJECT_VERSION = 1;
				DEVELOPMENT_ASSET_PATHS = "\"MyselfInSixWords/Preview Content\"";
				ENABLE_PREVIEWS = YES;
				GENERATE_INFOPLIST_FILE = YES;
				INFOPLIST_KEY_NSHumanReadableCopyright = "";
				LD_RUNPATH_SEARCH_PATHS = (
					"$(inherited)",
					"@executable_path/../Frameworks",
				);
				MARKETING_VERSION = 1.0;
				PRODUCT_BUNDLE_IDENTIFIER = net.chrislockard.MyselfInSixWords;
				PRODUCT_NAME = "$(TARGET_NAME)";
				SWIFT_EMIT_LOC_STRINGS = YES;
				SWIFT_VERSION = 5.0;
			};
			name = Debug;
		};
		8357E7E62C3F7360004646B5 /* Release */ = {
			isa = XCBuildConfiguration;
			buildSettings = {
				ASSETCATALOG_COMPILER_APPICON_NAME = AppIcon;
				ASSETCATALOG_COMPILER_GLOBAL_ACCENT_COLOR_NAME = AccentColor;
				CODE_SIGN_ENTITLEMENTS = MyselfInSixWords/MyselfInSixWords.entitlements;
				CODE_SIGN_STYLE = Automatic;
				COMBINE_HIDPI_IMAGES = YES;
				CURRENT_PROJECT_VERSION = 1;
				DEVELOPMENT_ASSET_PATHS = "\"MyselfInSixWords/Preview Content\"";
				ENABLE_PREVIEWS = YES;
				GENERATE_INFOPLIST_FILE = YES;
				INFOPLIST_KEY_NSHumanReadableCopyright = "";
				LD_RUNPATH_SEARCH_PATHS = (
					"$(inherited)",
					"@executable_path/../Frameworks",
				);
				MARKETING_VERSION = 1.0;
				PRODUCT_BUNDLE_IDENTIFIER = net.chrislockard.MyselfInSixWords;
				PRODUCT_NAME = "$(TARGET_NAME)";
				SWIFT_EMIT_LOC_STRINGS = YES;
				SWIFT_VERSION = 5.0;
			};
			name = Release;
		};
		8357E7E82C3F7360004646B5 /* Debug */ = {
			isa = XCBuildConfiguration;
			buildSettings = {
				ALWAYS_EMBED_SWIFT_STANDARD_LIBRARIES = YES;
				BUNDLE_LOADER = "$(TEST_HOST)";
				CODE_SIGN_STYLE = Automatic;
				CURRENT_PROJECT_VERSION = 1;
				GENERATE_INFOPLIST_FILE = YES;
				MACOSX_DEPLOYMENT_TARGET = 14.5;
				MARKETING_VERSION = 1.0;
				PRODUCT_BUNDLE_IDENTIFIER = net.chrislockard.MyselfInSixWordsTests;
				PRODUCT_NAME = "$(TARGET_NAME)";
				SWIFT_EMIT_LOC_STRINGS = NO;
				SWIFT_VERSION = 5.0;
				TEST_HOST = "$(BUILT_PRODUCTS_DIR)/MyselfInSixWords.app/$(BUNDLE_EXECUTABLE_FOLDER_PATH)/MyselfInSixWords";
			};
			name = Debug;
		};
		8357E7E92C3F7360004646B5 /* Release */ = {
			isa = XCBuildConfiguration;
			buildSettings = {
				ALWAYS_EMBED_SWIFT_STANDARD_LIBRARIES = YES;
				BUNDLE_LOADER = "$(TEST_HOST)";
				CODE_SIGN_STYLE = Automatic;
				CURRENT_PROJECT_VERSION = 1;
				GENERATE_INFOPLIST_FILE = YES;
				MACOSX_DEPLOYMENT_TARGET = 14.5;
				MARKETING_VERSION = 1.0;
				PRODUCT_BUNDLE_IDENTIFIER = net.chrislockard.MyselfInSixWordsTests;
				PRODUCT_NAME = "$(TARGET_NAME)";
				SWIFT_EMIT_LOC_STRINGS = NO;
				SWIFT_VERSION = 5.0;
				TEST_HOST = "$(BUILT_PRODUCTS_DIR)/MyselfInSixWords.app/$(BUNDLE_EXECUTABLE_FOLDER_PATH)/MyselfInSixWords";
			};
			name = Release;
		};
		8357E7EB2C3F7360004646B5 /* Debug */ = {
			isa = XCBuildConfiguration;
			buildSettings = {
				ALWAYS_EMBED_SWIFT_STANDARD_LIBRARIES = YES;
				CODE_SIGN_STYLE = Automatic;
				CURRENT_PROJECT_VERSION = 1;
				GENERATE_INFOPLIST_FILE = YES;
				MARKETING_VERSION = 1.0;
				PRODUCT_BUNDLE_IDENTIFIER = net.chrislockard.MyselfInSixWordsUITests;
				PRODUCT_NAME = "$(TARGET_NAME)";
				SWIFT_EMIT_LOC_STRINGS = NO;
				SWIFT_VERSION = 5.0;
				TEST_TARGET_NAME = MyselfInSixWords;
			};
			name = Debug;
		};
		8357E7EC2C3F7360004646B5 /* Release */ = {
			isa = XCBuildConfiguration;
			buildSettings = {
				ALWAYS_EMBED_SWIFT_STANDARD_LIBRARIES = YES;
				CODE_SIGN_STYLE = Automatic;
				CURRENT_PROJECT_VERSION = 1;
				GENERATE_INFOPLIST_FILE = YES;
				MARKETING_VERSION = 1.0;
				PRODUCT_BUNDLE_IDENTIFIER = net.chrislockard.MyselfInSixWordsUITests;
				PRODUCT_NAME = "$(TARGET_NAME)";
				SWIFT_EMIT_LOC_STRINGS = NO;
				SWIFT_VERSION = 5.0;
				TEST_TARGET_NAME = MyselfInSixWords;
			};
			name = Release;
		};
/* End XCBuildConfiguration section */

/* Begin XCConfigurationList section */
		8357E7BA2C3F735C004646B5 /* Build configuration list for PBXProject "MyselfInSixWords" */ = {
			isa = XCConfigurationList;
			buildConfigurations = (
				8357E7E22C3F7360004646B5 /* Debug */,
				8357E7E32C3F7360004646B5 /* Release */,
			);
			defaultConfigurationIsVisible = 0;
			defaultConfigurationName = Release;
		};
		8357E7E42C3F7360004646B5 /* Build configuration list for PBXNativeTarget "MyselfInSixWords" */ = {
			isa = XCConfigurationList;
			buildConfigurations = (
				8357E7E52C3F7360004646B5 /* Debug */,
				8357E7E62C3F7360004646B5 /* Release */,
			);
			defaultConfigurationIsVisible = 0;
			defaultConfigurationName = Release;
		};
		8357E7E72C3F7360004646B5 /* Build configuration list for PBXNativeTarget "MyselfInSixWordsTests" */ = {
			isa = XCConfigurationList;
			buildConfigurations = (
				8357E7E82C3F7360004646B5 /* Debug */,
				8357E7E92C3F7360004646B5 /* Release */,
			);
			defaultConfigurationIsVisible = 0;
			defaultConfigurationName = Release;
		};
		8357E7EA2C3F7360004646B5 /* Build configuration list for PBXNativeTarget "MyselfInSixWordsUITests" */ = {
			isa = XCConfigurationList;
			buildConfigurations = (
				8357E7EB2C3F7360004646B5 /* Debug */,
				8357E7EC2C3F7360004646B5 /* Release */,
			);
			defaultConfigurationIsVisible = 0;
			defaultConfigurationName = Release;
		};
/* End XCConfigurationList section */
	};
	rootObject = 8357E7B72C3F735C004646B5 /* Project object */;
}
